
Microsoft Visual Studio Solution File, Format Version 12.00
# Visual Studio Version 17
VisualStudioVersion = 17.10.35122.118
MinimumVisualStudioVersion = 10.0.40219.1
Project("{FAE04EC0-301F-11D3-BF4B-00C04F79EFBC}") = "ACME.LearningCenterPlatform.API", "ACME.LearningCenterPlatform.API\ACME.LearningCenterPlatform.API.csproj", "{ADAF9401-B617-40F0-88EE-B55795F025FF}"
EndProject
Global
	GlobalSection(SolutionConfigurationPlatforms) = preSolution
		Debug|Any CPU = Debug|Any CPU
		Release|Any CPU = Release|Any CPU
	EndGlobalSection
	GlobalSection(ProjectConfigurationPlatforms) = postSolution
		{ADAF9401-B617-40F0-88EE-B55795F025FF}.Debug|Any CPU.ActiveCfg = Debug|Any CPU
		{ADAF9401-B617-40F0-88EE-B55795F025FF}.Debug|Any CPU.Build.0 = Debug|Any CPU
		{ADAF9401-B617-40F0-88EE-B55795F025FF}.Release|Any CPU.ActiveCfg = Release|Any CPU
		{ADAF9401-B617-40F0-88EE-B55795F025FF}.Release|Any CPU.Build.0 = Release|Any CPU
	EndGlobalSection
	GlobalSection(SolutionProperties) = preSolution
		HideSolutionNode = FALSE
	EndGlobalSection
	GlobalSection(ExtensibilityGlobals) = postSolution
		SolutionGuid = {158AA4DD-2C43-4D79-AE97-D4FFB2A378B6}
	EndGlobalSection
EndGlobal
